
Microsoft Visual Studio Solution File, Format Version 12.00
# Visual Studio 15
VisualStudioVersion = 15.0.28307.1259
MinimumVisualStudioVersion = 10.0.40219.1
Project("{8BC9CEB8-8B4A-11D0-8D11-00A0C91BC942}") = "FlyRedis", "FlyRedis.vcxproj", "{51B2CDB7-530C-4CAA-AC9D-4E9A074DF869}"
EndProject
Global
	GlobalSection(SolutionConfigurationPlatforms) = preSolution
		DisableTLS|x64 = DisableTLS|x64
		EnableTLS|x64 = EnableTLS|x64
	EndGlobalSection
	GlobalSection(ProjectConfigurationPlatforms) = postSolution
		{51B2CDB7-530C-4CAA-AC9D-4E9A074DF869}.DisableTLS|x64.ActiveCfg = DisableTLS|x64
		{51B2CDB7-530C-4CAA-AC9D-4E9A074DF869}.DisableTLS|x64.Build.0 = DisableTLS|x64
		{51B2CDB7-530C-4CAA-AC9D-4E9A074DF869}.EnableTLS|x64.ActiveCfg = EnableTLS|x64
		{51B2CDB7-530C-4CAA-AC9D-4E9A074DF869}.EnableTLS|x64.Build.0 = EnableTLS|x64
	EndGlobalSection
	GlobalSection(SolutionProperties) = preSolution
		HideSolutionNode = FALSE
	EndGlobalSection
	GlobalSection(ExtensibilityGlobals) = postSolution
		SolutionGuid = {CDFA975E-1372-4D6C-81F1-A3C3121FFDD4}
	EndGlobalSection
EndGlobal
